// !$*UTF8*$!
{
	archiveVersion = 1;
	classes = {
	};
	objectVersion = 46;
	objects = {

/* Begin PBXBuildFile section */
		CB95BA291ACB239B00DDEB65 /* Firebase.framework in Frameworks */ = {isa = PBXBuildFile; fileRef = CB95BA281ACB239B00DDEB65 /* Firebase.framework */; };
		CB95BA2B1ACB23DC00DDEB65 /* libicucore.dylib in Frameworks */ = {isa = PBXBuildFile; fileRef = CB95BA2A1ACB23DC00DDEB65 /* libicucore.dylib */; };
		CB95BA2D1ACB23E400DDEB65 /* libc++.dylib in Frameworks */ = {isa = PBXBuildFile; fileRef = CB95BA2C1ACB23E400DDEB65 /* libc++.dylib */; };
		CB95BA2F1ACB23F200DDEB65 /* CFNetwork.framework in Frameworks */ = {isa = PBXBuildFile; fileRef = CB95BA2E1ACB23F200DDEB65 /* CFNetwork.framework */; };
		CB95BA311ACB23FC00DDEB65 /* Security.framework in Frameworks */ = {isa = PBXBuildFile; fileRef = CB95BA301ACB23FC00DDEB65 /* Security.framework */; };
		CB95BA331ACB240500DDEB65 /* SystemConfiguration.framework in Frameworks */ = {isa = PBXBuildFile; fileRef = CB95BA321ACB240500DDEB65 /* SystemConfiguration.framework */; };
		CBAB40511ABE4B4700F5FC96 /* AppDelegate.swift in Sources */ = {isa = PBXBuildFile; fileRef = CBAB40501ABE4B4700F5FC96 /* AppDelegate.swift */; };
		CBAB40531ABE4B4700F5FC96 /* ViewController.swift in Sources */ = {isa = PBXBuildFile; fileRef = CBAB40521ABE4B4700F5FC96 /* ViewController.swift */; };
		CBAB40561ABE4B4700F5FC96 /* Main.storyboard in Resources */ = {isa = PBXBuildFile; fileRef = CBAB40541ABE4B4700F5FC96 /* Main.storyboard */; };
		CBAB40581ABE4B4700F5FC96 /* Images.xcassets in Resources */ = {isa = PBXBuildFile; fileRef = CBAB40571ABE4B4700F5FC96 /* Images.xcassets */; };
		CBAB405B1ABE4B4700F5FC96 /* LaunchScreen.xib in Resources */ = {isa = PBXBuildFile; fileRef = CBAB40591ABE4B4700F5FC96 /* LaunchScreen.xib */; };
		CBAB40671ABE4B4700F5FC96 /* BlackJack21Tests.swift in Sources */ = {isa = PBXBuildFile; fileRef = CBAB40661ABE4B4700F5FC96 /* BlackJack21Tests.swift */; };
		CBAB40711ABE4B6600F5FC96 /* HandStatus.swift in Sources */ = {isa = PBXBuildFile; fileRef = CBAB40701ABE4B6600F5FC96 /* HandStatus.swift */; };
		CBAB40771ABE4B7A00F5FC96 /* Dealer.swift in Sources */ = {isa = PBXBuildFile; fileRef = CBAB40721ABE4B7A00F5FC96 /* Dealer.swift */; };
		CBAB40781ABE4B7A00F5FC96 /* Deck.swift in Sources */ = {isa = PBXBuildFile; fileRef = CBAB40731ABE4B7A00F5FC96 /* Deck.swift */; };
		CBAB40791ABE4B7A00F5FC96 /* GameProperties.swift in Sources */ = {isa = PBXBuildFile; fileRef = CBAB40741ABE4B7A00F5FC96 /* GameProperties.swift */; };
		CBAB407A1ABE4B7A00F5FC96 /* Hand.swift in Sources */ = {isa = PBXBuildFile; fileRef = CBAB40751ABE4B7A00F5FC96 /* Hand.swift */; };
		CBAB407B1ABE4B7A00F5FC96 /* Player.swift in Sources */ = {isa = PBXBuildFile; fileRef = CBAB40761ABE4B7A00F5FC96 /* Player.swift */; };
		CBB9B87A1AC89D7B00244B70 /* Logo.png in Resources */ = {isa = PBXBuildFile; fileRef = CBB9B8791AC89D7B00244B70 /* Logo.png */; };
		CBBFF1B61ACE1C7D00F40C43 /* unnamed.png in Resources */ = {isa = PBXBuildFile; fileRef = CBBFF1B51ACE1C7D00F40C43 /* unnamed.png */; };
		CBC1BAC21AC757440053910F /* BlurView.swift in Sources */ = {isa = PBXBuildFile; fileRef = CBC1BA8F1AC757440053910F /* BlurView.swift */; };
		CBC1BAC31AC757440053910F /* DesignableButton.swift in Sources */ = {isa = PBXBuildFile; fileRef = CBC1BA901AC757440053910F /* DesignableButton.swift */; };
		CBC1BAC41AC757440053910F /* DesignableImageView.swift in Sources */ = {isa = PBXBuildFile; fileRef = CBC1BA911AC757440053910F /* DesignableImageView.swift */; };
		CBC1BAC51AC757440053910F /* DesignableLabel.swift in Sources */ = {isa = PBXBuildFile; fileRef = CBC1BA921AC757440053910F /* DesignableLabel.swift */; };
		CBC1BAC61AC757440053910F /* DesignableTabBarController.swift in Sources */ = {isa = PBXBuildFile; fileRef = CBC1BA931AC757440053910F /* DesignableTabBarController.swift */; };
		CBC1BAC71AC757440053910F /* DesignableTextField.swift in Sources */ = {isa = PBXBuildFile; fileRef = CBC1BA941AC757440053910F /* DesignableTextField.swift */; };
		CBC1BAC81AC757440053910F /* DesignableTextView.swift in Sources */ = {isa = PBXBuildFile; fileRef = CBC1BA951AC757440053910F /* DesignableTextView.swift */; };
		CBC1BAC91AC757440053910F /* DesignableView.swift in Sources */ = {isa = PBXBuildFile; fileRef = CBC1BA961AC757440053910F /* DesignableView.swift */; };
		CBC1BACA1AC757440053910F /* ImageLoader.swift in Sources */ = {isa = PBXBuildFile; fileRef = CBC1BA971AC757440053910F /* ImageLoader.swift */; };
		CBC1BACB1AC757440053910F /* Info.plist in Resources */ = {isa = PBXBuildFile; fileRef = CBC1BA981AC757440053910F /* Info.plist */; };
		CBC1BACC1AC757440053910F /* KeyboardLayoutConstraint.swift in Sources */ = {isa = PBXBuildFile; fileRef = CBC1BA991AC757440053910F /* KeyboardLayoutConstraint.swift */; };
		CBC1BACD1AC757440053910F /* LoadingView.swift in Sources */ = {isa = PBXBuildFile; fileRef = CBC1BA9A1AC757440053910F /* LoadingView.swift */; };
		CBC1BACE1AC757440053910F /* LoadingView.xib in Resources */ = {isa = PBXBuildFile; fileRef = CBC1BA9B1AC757440053910F /* LoadingView.xib */; };
		CBC1BACF1AC757440053910F /* Misc.swift in Sources */ = {isa = PBXBuildFile; fileRef = CBC1BA9C1AC757440053910F /* Misc.swift */; };
		CBC1BAD01AC757440053910F /* SoundPlayer.swift in Sources */ = {isa = PBXBuildFile; fileRef = CBC1BA9D1AC757440053910F /* SoundPlayer.swift */; };
		CBC1BAD11AC757440053910F /* Spring.swift in Sources */ = {isa = PBXBuildFile; fileRef = CBC1BA9F1AC757440053910F /* Spring.swift */; };
		CBC1BAD21AC757440053910F /* SpringAnimation.swift in Sources */ = {isa = PBXBuildFile; fileRef = CBC1BAA01AC757440053910F /* SpringAnimation.swift */; };
		CBC1BAD31AC757440053910F /* SpringButton.swift in Sources */ = {isa = PBXBuildFile; fileRef = CBC1BAA11AC757440053910F /* SpringButton.swift */; };
		CBC1BAD41AC757440053910F /* SpringImageView.swift in Sources */ = {isa = PBXBuildFile; fileRef = CBC1BAA21AC757440053910F /* SpringImageView.swift */; };
		CBC1BAD51AC757440053910F /* SpringLabel.swift in Sources */ = {isa = PBXBuildFile; fileRef = CBC1BAA31AC757440053910F /* SpringLabel.swift */; };
		CBC1BAD61AC757440053910F /* SpringTextField.swift in Sources */ = {isa = PBXBuildFile; fileRef = CBC1BAA41AC757440053910F /* SpringTextField.swift */; };
		CBC1BAD71AC757440053910F /* SpringTextView.swift in Sources */ = {isa = PBXBuildFile; fileRef = CBC1BAA51AC757440053910F /* SpringTextView.swift */; };
		CBC1BAD81AC757440053910F /* SpringView.swift in Sources */ = {isa = PBXBuildFile; fileRef = CBC1BAA61AC757440053910F /* SpringView.swift */; };
		CBC1BAD91AC757440053910F /* TransitionManager.swift in Sources */ = {isa = PBXBuildFile; fileRef = CBC1BAA71AC757440053910F /* TransitionManager.swift */; };
		CBC1BADA1AC757440053910F /* TransitionZoom.swift in Sources */ = {isa = PBXBuildFile; fileRef = CBC1BAA81AC757440053910F /* TransitionZoom.swift */; };
		CBC1BADB1AC757440053910F /* UnwindSegue.swift in Sources */ = {isa = PBXBuildFile; fileRef = CBC1BAA91AC757440053910F /* UnwindSegue.swift */; };
		CBC1BAF61AC75AF20053910F /* ViewControllerHelper.swift in Sources */ = {isa = PBXBuildFile; fileRef = CBC1BAF51AC75AF20053910F /* ViewControllerHelper.swift */; };
/* End PBXBuildFile section */

/* Begin PBXContainerItemProxy section */
		CBAB40611ABE4B4700F5FC96 /* PBXContainerItemProxy */ = {
			isa = PBXContainerItemProxy;
			containerPortal = CBAB40431ABE4B4600F5FC96 /* Project object */;
			proxyType = 1;
			remoteGlobalIDString = CBAB404A1ABE4B4700F5FC96;
			remoteInfo = BlackJack21;
		};
/* End PBXContainerItemProxy section */

/* Begin PBXFileReference section */
		CB95BA281ACB239B00DDEB65 /* Firebase.framework */ = {isa = PBXFileReference; lastKnownFileType = wrapper.framework; path = Firebase.framework; sourceTree = "<group>"; };
		CB95BA2A1ACB23DC00DDEB65 /* libicucore.dylib */ = {isa = PBXFileReference; lastKnownFileType = "compiled.mach-o.dylib"; name = libicucore.dylib; path = usr/lib/libicucore.dylib; sourceTree = SDKROOT; };
		CB95BA2C1ACB23E400DDEB65 /* libc++.dylib */ = {isa = PBXFileReference; lastKnownFileType = "compiled.mach-o.dylib"; name = "libc++.dylib"; path = "usr/lib/libc++.dylib"; sourceTree = SDKROOT; };
		CB95BA2E1ACB23F200DDEB65 /* CFNetwork.framework */ = {isa = PBXFileReference; lastKnownFileType = wrapper.framework; name = CFNetwork.framework; path = System/Library/Frameworks/CFNetwork.framework; sourceTree = SDKROOT; };
		CB95BA301ACB23FC00DDEB65 /* Security.framework */ = {isa = PBXFileReference; lastKnownFileType = wrapper.framework; name = Security.framework; path = System/Library/Frameworks/Security.framework; sourceTree = SDKROOT; };
		CB95BA321ACB240500DDEB65 /* SystemConfiguration.framework */ = {isa = PBXFileReference; lastKnownFileType = wrapper.framework; name = SystemConfiguration.framework; path = System/Library/Frameworks/SystemConfiguration.framework; sourceTree = SDKROOT; };
		CB95BA341ACB249E00DDEB65 /* BlackJack21-Bridging-Header.h */ = {isa = PBXFileReference; lastKnownFileType = sourcecode.c.h; path = "BlackJack21-Bridging-Header.h"; sourceTree = "<group>"; };
		CBAB404B1ABE4B4700F5FC96 /* BlackJack21.app */ = {isa = PBXFileReference; explicitFileType = wrapper.application; includeInIndex = 0; path = BlackJack21.app; sourceTree = BUILT_PRODUCTS_DIR; };
		CBAB404F1ABE4B4700F5FC96 /* Info.plist */ = {isa = PBXFileReference; lastKnownFileType = text.plist.xml; path = Info.plist; sourceTree = "<group>"; };
		CBAB40501ABE4B4700F5FC96 /* AppDelegate.swift */ = {isa = PBXFileReference; lastKnownFileType = sourcecode.swift; path = AppDelegate.swift; sourceTree = "<group>"; };
		CBAB40521ABE4B4700F5FC96 /* ViewController.swift */ = {isa = PBXFileReference; lastKnownFileType = sourcecode.swift; path = ViewController.swift; sourceTree = "<group>"; };
		CBAB40551ABE4B4700F5FC96 /* Base */ = {isa = PBXFileReference; lastKnownFileType = file.storyboard; name = Base; path = Base.lproj/Main.storyboard; sourceTree = "<group>"; };
		CBAB40571ABE4B4700F5FC96 /* Images.xcassets */ = {isa = PBXFileReference; lastKnownFileType = folder.assetcatalog; path = Images.xcassets; sourceTree = "<group>"; };
		CBAB405A1ABE4B4700F5FC96 /* Base */ = {isa = PBXFileReference; lastKnownFileType = file.xib; name = Base; path = Base.lproj/LaunchScreen.xib; sourceTree = "<group>"; };
		CBAB40601ABE4B4700F5FC96 /* BlackJack21Tests.xctest */ = {isa = PBXFileReference; explicitFileType = wrapper.cfbundle; includeInIndex = 0; path = BlackJack21Tests.xctest; sourceTree = BUILT_PRODUCTS_DIR; };
		CBAB40651ABE4B4700F5FC96 /* Info.plist */ = {isa = PBXFileReference; lastKnownFileType = text.plist.xml; path = Info.plist; sourceTree = "<group>"; };
		CBAB40661ABE4B4700F5FC96 /* BlackJack21Tests.swift */ = {isa = PBXFileReference; lastKnownFileType = sourcecode.swift; path = BlackJack21Tests.swift; sourceTree = "<group>"; };
		CBAB40701ABE4B6600F5FC96 /* HandStatus.swift */ = {isa = PBXFileReference; fileEncoding = 4; lastKnownFileType = sourcecode.swift; name = HandStatus.swift; path = ../HandStatus.swift; sourceTree = "<group>"; };
		CBAB40721ABE4B7A00F5FC96 /* Dealer.swift */ = {isa = PBXFileReference; fileEncoding = 4; lastKnownFileType = sourcecode.swift; name = Dealer.swift; path = ../Dealer.swift; sourceTree = "<group>"; };
		CBAB40731ABE4B7A00F5FC96 /* Deck.swift */ = {isa = PBXFileReference; fileEncoding = 4; lastKnownFileType = sourcecode.swift; name = Deck.swift; path = ../Deck.swift; sourceTree = "<group>"; };
		CBAB40741ABE4B7A00F5FC96 /* GameProperties.swift */ = {isa = PBXFileReference; fileEncoding = 4; lastKnownFileType = sourcecode.swift; name = GameProperties.swift; path = ../GameProperties.swift; sourceTree = "<group>"; };
		CBAB40751ABE4B7A00F5FC96 /* Hand.swift */ = {isa = PBXFileReference; fileEncoding = 4; lastKnownFileType = sourcecode.swift; name = Hand.swift; path = ../Hand.swift; sourceTree = "<group>"; };
		CBAB40761ABE4B7A00F5FC96 /* Player.swift */ = {isa = PBXFileReference; fileEncoding = 4; lastKnownFileType = sourcecode.swift; name = Player.swift; path = ../Player.swift; sourceTree = "<group>"; };
		CBB9B8791AC89D7B00244B70 /* Logo.png */ = {isa = PBXFileReference; lastKnownFileType = image.png; path = Logo.png; sourceTree = "<group>"; };
		CBBFF1B51ACE1C7D00F40C43 /* unnamed.png */ = {isa = PBXFileReference; lastKnownFileType = image.png; path = unnamed.png; sourceTree = "<group>"; };
		CBC1BA8F1AC757440053910F /* BlurView.swift */ = {isa = PBXFileReference; fileEncoding = 4; lastKnownFileType = sourcecode.swift; path = BlurView.swift; sourceTree = "<group>"; };
		CBC1BA901AC757440053910F /* DesignableButton.swift */ = {isa = PBXFileReference; fileEncoding = 4; lastKnownFileType = sourcecode.swift; path = DesignableButton.swift; sourceTree = "<group>"; };
		CBC1BA911AC757440053910F /* DesignableImageView.swift */ = {isa = PBXFileReference; fileEncoding = 4; lastKnownFileType = sourcecode.swift; path = DesignableImageView.swift; sourceTree = "<group>"; };
		CBC1BA921AC757440053910F /* DesignableLabel.swift */ = {isa = PBXFileReference; fileEncoding = 4; lastKnownFileType = sourcecode.swift; path = DesignableLabel.swift; sourceTree = "<group>"; };
		CBC1BA931AC757440053910F /* DesignableTabBarController.swift */ = {isa = PBXFileReference; fileEncoding = 4; lastKnownFileType = sourcecode.swift; path = DesignableTabBarController.swift; sourceTree = "<group>"; };
		CBC1BA941AC757440053910F /* DesignableTextField.swift */ = {isa = PBXFileReference; fileEncoding = 4; lastKnownFileType = sourcecode.swift; path = DesignableTextField.swift; sourceTree = "<group>"; };
		CBC1BA951AC757440053910F /* DesignableTextView.swift */ = {isa = PBXFileReference; fileEncoding = 4; lastKnownFileType = sourcecode.swift; path = DesignableTextView.swift; sourceTree = "<group>"; };
		CBC1BA961AC757440053910F /* DesignableView.swift */ = {isa = PBXFileReference; fileEncoding = 4; lastKnownFileType = sourcecode.swift; path = DesignableView.swift; sourceTree = "<group>"; };
		CBC1BA971AC757440053910F /* ImageLoader.swift */ = {isa = PBXFileReference; fileEncoding = 4; lastKnownFileType = sourcecode.swift; path = ImageLoader.swift; sourceTree = "<group>"; };
		CBC1BA981AC757440053910F /* Info.plist */ = {isa = PBXFileReference; fileEncoding = 4; lastKnownFileType = text.plist.xml; path = Info.plist; sourceTree = "<group>"; };
		CBC1BA991AC757440053910F /* KeyboardLayoutConstraint.swift */ = {isa = PBXFileReference; fileEncoding = 4; lastKnownFileType = sourcecode.swift; path = KeyboardLayoutConstraint.swift; sourceTree = "<group>"; };
		CBC1BA9A1AC757440053910F /* LoadingView.swift */ = {isa = PBXFileReference; fileEncoding = 4; lastKnownFileType = sourcecode.swift; path = LoadingView.swift; sourceTree = "<group>"; };
		CBC1BA9B1AC757440053910F /* LoadingView.xib */ = {isa = PBXFileReference; fileEncoding = 4; lastKnownFileType = file.xib; path = LoadingView.xib; sourceTree = "<group>"; };
		CBC1BA9C1AC757440053910F /* Misc.swift */ = {isa = PBXFileReference; fileEncoding = 4; lastKnownFileType = sourcecode.swift; path = Misc.swift; sourceTree = "<group>"; };
		CBC1BA9D1AC757440053910F /* SoundPlayer.swift */ = {isa = PBXFileReference; fileEncoding = 4; lastKnownFileType = sourcecode.swift; path = SoundPlayer.swift; sourceTree = "<group>"; };
		CBC1BA9E1AC757440053910F /* Spring.h */ = {isa = PBXFileReference; fileEncoding = 4; lastKnownFileType = sourcecode.c.h; path = Spring.h; sourceTree = "<group>"; };
		CBC1BA9F1AC757440053910F /* Spring.swift */ = {isa = PBXFileReference; fileEncoding = 4; lastKnownFileType = sourcecode.swift; path = Spring.swift; sourceTree = "<group>"; };
		CBC1BAA01AC757440053910F /* SpringAnimation.swift */ = {isa = PBXFileReference; fileEncoding = 4; lastKnownFileType = sourcecode.swift; path = SpringAnimation.swift; sourceTree = "<group>"; };
		CBC1BAA11AC757440053910F /* SpringButton.swift */ = {isa = PBXFileReference; fileEncoding = 4; lastKnownFileType = sourcecode.swift; path = SpringButton.swift; sourceTree = "<group>"; };
		CBC1BAA21AC757440053910F /* SpringImageView.swift */ = {isa = PBXFileReference; fileEncoding = 4; lastKnownFileType = sourcecode.swift; path = SpringImageView.swift; sourceTree = "<group>"; };
		CBC1BAA31AC757440053910F /* SpringLabel.swift */ = {isa = PBXFileReference; fileEncoding = 4; lastKnownFileType = sourcecode.swift; path = SpringLabel.swift; sourceTree = "<group>"; };
		CBC1BAA41AC757440053910F /* SpringTextField.swift */ = {isa = PBXFileReference; fileEncoding = 4; lastKnownFileType = sourcecode.swift; path = SpringTextField.swift; sourceTree = "<group>"; };
		CBC1BAA51AC757440053910F /* SpringTextView.swift */ = {isa = PBXFileReference; fileEncoding = 4; lastKnownFileType = sourcecode.swift; path = SpringTextView.swift; sourceTree = "<group>"; };
		CBC1BAA61AC757440053910F /* SpringView.swift */ = {isa = PBXFileReference; fileEncoding = 4; lastKnownFileType = sourcecode.swift; path = SpringView.swift; sourceTree = "<group>"; };
		CBC1BAA71AC757440053910F /* TransitionManager.swift */ = {isa = PBXFileReference; fileEncoding = 4; lastKnownFileType = sourcecode.swift; path = TransitionManager.swift; sourceTree = "<group>"; };
		CBC1BAA81AC757440053910F /* TransitionZoom.swift */ = {isa = PBXFileReference; fileEncoding = 4; lastKnownFileType = sourcecode.swift; path = TransitionZoom.swift; sourceTree = "<group>"; };
		CBC1BAA91AC757440053910F /* UnwindSegue.swift */ = {isa = PBXFileReference; fileEncoding = 4; lastKnownFileType = sourcecode.swift; path = UnwindSegue.swift; sourceTree = "<group>"; };
		CBC1BAF51AC75AF20053910F /* ViewControllerHelper.swift */ = {isa = PBXFileReference; fileEncoding = 4; lastKnownFileType = sourcecode.swift; path = ViewControllerHelper.swift; sourceTree = "<group>"; };
/* End PBXFileReference section */

/* Begin PBXFrameworksBuildPhase section */
		CBAB40481ABE4B4700F5FC96 /* Frameworks */ = {
			isa = PBXFrameworksBuildPhase;
			buildActionMask = 2147483647;
			files = (
				CB95BA331ACB240500DDEB65 /* SystemConfiguration.framework in Frameworks */,
				CB95BA311ACB23FC00DDEB65 /* Security.framework in Frameworks */,
				CB95BA2F1ACB23F200DDEB65 /* CFNetwork.framework in Frameworks */,
				CB95BA2D1ACB23E400DDEB65 /* libc++.dylib in Frameworks */,
				CB95BA2B1ACB23DC00DDEB65 /* libicucore.dylib in Frameworks */,
				CB95BA291ACB239B00DDEB65 /* Firebase.framework in Frameworks */,
			);
			runOnlyForDeploymentPostprocessing = 0;
		};
		CBAB405D1ABE4B4700F5FC96 /* Frameworks */ = {
			isa = PBXFrameworksBuildPhase;
			buildActionMask = 2147483647;
			files = (
			);
			runOnlyForDeploymentPostprocessing = 0;
		};
/* End PBXFrameworksBuildPhase section */

/* Begin PBXGroup section */
		CBAB40421ABE4B4600F5FC96 = {
			isa = PBXGroup;
			children = (
				CB95BA321ACB240500DDEB65 /* SystemConfiguration.framework */,
				CB95BA301ACB23FC00DDEB65 /* Security.framework */,
				CB95BA2E1ACB23F200DDEB65 /* CFNetwork.framework */,
				CB95BA2C1ACB23E400DDEB65 /* libc++.dylib */,
				CB95BA2A1ACB23DC00DDEB65 /* libicucore.dylib */,
				CB95BA281ACB239B00DDEB65 /* Firebase.framework */,
				CBC1BA8E1AC757440053910F /* Spring */,
				CBAB404D1ABE4B4700F5FC96 /* BlackJack21 */,
				CBAB40631ABE4B4700F5FC96 /* BlackJack21Tests */,
				CBAB404C1ABE4B4700F5FC96 /* Products */,
				CB95BA341ACB249E00DDEB65 /* BlackJack21-Bridging-Header.h */,
			);
			sourceTree = "<group>";
		};
		CBAB404C1ABE4B4700F5FC96 /* Products */ = {
			isa = PBXGroup;
			children = (
				CBAB404B1ABE4B4700F5FC96 /* BlackJack21.app */,
				CBAB40601ABE4B4700F5FC96 /* BlackJack21Tests.xctest */,
			);
			name = Products;
			sourceTree = "<group>";
		};
		CBAB404D1ABE4B4700F5FC96 /* BlackJack21 */ = {
			isa = PBXGroup;
			children = (
				CBF80DC71AC65633001546E6 /* Controller */,
				CBF80DC61AC65624001546E6 /* View */,
				CBAB40501ABE4B4700F5FC96 /* AppDelegate.swift */,
				CBF80DC51AC65600001546E6 /* Model */,
				CBAB40571ABE4B4700F5FC96 /* Images.xcassets */,
				CBBFF1B51ACE1C7D00F40C43 /* unnamed.png */,
				CBB9B8791AC89D7B00244B70 /* Logo.png */,
				CBAB404E1ABE4B4700F5FC96 /* Supporting Files */,
			);
			path = BlackJack21;
			sourceTree = "<group>";
		};
		CBAB404E1ABE4B4700F5FC96 /* Supporting Files */ = {
			isa = PBXGroup;
			children = (
				CBAB404F1ABE4B4700F5FC96 /* Info.plist */,
			);
			name = "Supporting Files";
			sourceTree = "<group>";
		};
		CBAB40631ABE4B4700F5FC96 /* BlackJack21Tests */ = {
			isa = PBXGroup;
			children = (
				CBAB40661ABE4B4700F5FC96 /* BlackJack21Tests.swift */,
				CBAB40641ABE4B4700F5FC96 /* Supporting Files */,
			);
			path = BlackJack21Tests;
			sourceTree = "<group>";
		};
		CBAB40641ABE4B4700F5FC96 /* Supporting Files */ = {
			isa = PBXGroup;
			children = (
				CBAB40651ABE4B4700F5FC96 /* Info.plist */,
			);
			name = "Supporting Files";
			sourceTree = "<group>";
		};
		CBC1BA8E1AC757440053910F /* Spring */ = {
			isa = PBXGroup;
			children = (
				CBC1BA8F1AC757440053910F /* BlurView.swift */,
				CBC1BA901AC757440053910F /* DesignableButton.swift */,
				CBC1BA911AC757440053910F /* DesignableImageView.swift */,
				CBC1BA921AC757440053910F /* DesignableLabel.swift */,
				CBC1BA931AC757440053910F /* DesignableTabBarController.swift */,
				CBC1BA941AC757440053910F /* DesignableTextField.swift */,
				CBC1BA951AC757440053910F /* DesignableTextView.swift */,
				CBC1BA961AC757440053910F /* DesignableView.swift */,
				CBC1BA971AC757440053910F /* ImageLoader.swift */,
				CBC1BA981AC757440053910F /* Info.plist */,
				CBC1BA991AC757440053910F /* KeyboardLayoutConstraint.swift */,
				CBC1BA9A1AC757440053910F /* LoadingView.swift */,
				CBC1BA9B1AC757440053910F /* LoadingView.xib */,
				CBC1BA9C1AC757440053910F /* Misc.swift */,
				CBC1BA9D1AC757440053910F /* SoundPlayer.swift */,
				CBC1BA9E1AC757440053910F /* Spring.h */,
				CBC1BA9F1AC757440053910F /* Spring.swift */,
				CBC1BAA01AC757440053910F /* SpringAnimation.swift */,
				CBC1BAA11AC757440053910F /* SpringButton.swift */,
				CBC1BAA21AC757440053910F /* SpringImageView.swift */,
				CBC1BAA31AC757440053910F /* SpringLabel.swift */,
				CBC1BAA41AC757440053910F /* SpringTextField.swift */,
				CBC1BAA51AC757440053910F /* SpringTextView.swift */,
				CBC1BAA61AC757440053910F /* SpringView.swift */,
				CBC1BAA71AC757440053910F /* TransitionManager.swift */,
				CBC1BAA81AC757440053910F /* TransitionZoom.swift */,
				CBC1BAA91AC757440053910F /* UnwindSegue.swift */,
			);
			name = Spring;
			path = Spring/Spring;
			sourceTree = "<group>";
		};
		CBF80DC51AC65600001546E6 /* Model */ = {
			isa = PBXGroup;
			children = (
				CBAB40721ABE4B7A00F5FC96 /* Dealer.swift */,
				CBAB40731ABE4B7A00F5FC96 /* Deck.swift */,
				CBAB40741ABE4B7A00F5FC96 /* GameProperties.swift */,
				CBAB40751ABE4B7A00F5FC96 /* Hand.swift */,
				CBAB40701ABE4B6600F5FC96 /* HandStatus.swift */,
				CBAB40761ABE4B7A00F5FC96 /* Player.swift */,
			);
			name = Model;
			sourceTree = "<group>";
		};
		CBF80DC61AC65624001546E6 /* View */ = {
			isa = PBXGroup;
			children = (
				CBAB40591ABE4B4700F5FC96 /* LaunchScreen.xib */,
				CBAB40541ABE4B4700F5FC96 /* Main.storyboard */,
			);
			name = View;
			sourceTree = "<group>";
		};
		CBF80DC71AC65633001546E6 /* Controller */ = {
			isa = PBXGroup;
			children = (
				CBC1BAF51AC75AF20053910F /* ViewControllerHelper.swift */,
				CBAB40521ABE4B4700F5FC96 /* ViewController.swift */,
			);
			name = Controller;
			sourceTree = "<group>";
		};
/* End PBXGroup section */

/* Begin PBXNativeTarget section */
		CBAB404A1ABE4B4700F5FC96 /* BlackJack21 */ = {
			isa = PBXNativeTarget;
			buildConfigurationList = CBAB406A1ABE4B4700F5FC96 /* Build configuration list for PBXNativeTarget "BlackJack21" */;
			buildPhases = (
				CBAB40471ABE4B4700F5FC96 /* Sources */,
				CBAB40481ABE4B4700F5FC96 /* Frameworks */,
				CBAB40491ABE4B4700F5FC96 /* Resources */,
			);
			buildRules = (
			);
			dependencies = (
			);
			name = BlackJack21;
			productName = BlackJack21;
			productReference = CBAB404B1ABE4B4700F5FC96 /* BlackJack21.app */;
			productType = "com.apple.product-type.application";
		};
		CBAB405F1ABE4B4700F5FC96 /* BlackJack21Tests */ = {
			isa = PBXNativeTarget;
			buildConfigurationList = CBAB406D1ABE4B4700F5FC96 /* Build configuration list for PBXNativeTarget "BlackJack21Tests" */;
			buildPhases = (
				CBAB405C1ABE4B4700F5FC96 /* Sources */,
				CBAB405D1ABE4B4700F5FC96 /* Frameworks */,
				CBAB405E1ABE4B4700F5FC96 /* Resources */,
			);
			buildRules = (
			);
			dependencies = (
				CBAB40621ABE4B4700F5FC96 /* PBXTargetDependency */,
			);
			name = BlackJack21Tests;
			productName = BlackJack21Tests;
			productReference = CBAB40601ABE4B4700F5FC96 /* BlackJack21Tests.xctest */;
			productType = "com.apple.product-type.bundle.unit-test";
		};
/* End PBXNativeTarget section */

/* Begin PBXProject section */
		CBAB40431ABE4B4600F5FC96 /* Project object */ = {
			isa = PBXProject;
			attributes = {
				LastUpgradeCheck = 0610;
				ORGANIZATIONNAME = NYU;
				TargetAttributes = {
					CBAB404A1ABE4B4700F5FC96 = {
						CreatedOnToolsVersion = 6.1;
						DevelopmentTeam = 6QN349HHUB;
					};
					CBAB405F1ABE4B4700F5FC96 = {
						CreatedOnToolsVersion = 6.1;
						TestTargetID = CBAB404A1ABE4B4700F5FC96;
					};
				};
			};
			buildConfigurationList = CBAB40461ABE4B4700F5FC96 /* Build configuration list for PBXProject "BlackJack21" */;
			compatibilityVersion = "Xcode 3.2";
			developmentRegion = English;
			hasScannedForEncodings = 0;
			knownRegions = (
				en,
				Base,
			);
			mainGroup = CBAB40421ABE4B4600F5FC96;
			productRefGroup = CBAB404C1ABE4B4700F5FC96 /* Products */;
			projectDirPath = "";
			projectRoot = "";
			targets = (
				CBAB404A1ABE4B4700F5FC96 /* BlackJack21 */,
				CBAB405F1ABE4B4700F5FC96 /* BlackJack21Tests */,
			);
		};
/* End PBXProject section */

/* Begin PBXResourcesBuildPhase section */
		CBAB40491ABE4B4700F5FC96 /* Resources */ = {
			isa = PBXResourcesBuildPhase;
			buildActionMask = 2147483647;
			files = (
				CBBFF1B61ACE1C7D00F40C43 /* unnamed.png in Resources */,
				CBB9B87A1AC89D7B00244B70 /* Logo.png in Resources */,
				CBAB40561ABE4B4700F5FC96 /* Main.storyboard in Resources */,
				CBC1BACB1AC757440053910F /* Info.plist in Resources */,
				CBAB405B1ABE4B4700F5FC96 /* LaunchScreen.xib in Resources */,
				CBC1BACE1AC757440053910F /* LoadingView.xib in Resources */,
				CBAB40581ABE4B4700F5FC96 /* Images.xcassets in Resources */,
			);
			runOnlyForDeploymentPostprocessing = 0;
		};
		CBAB405E1ABE4B4700F5FC96 /* Resources */ = {
			isa = PBXResourcesBuildPhase;
			buildActionMask = 2147483647;
			files = (
			);
			runOnlyForDeploymentPostprocessing = 0;
		};
/* End PBXResourcesBuildPhase section */

/* Begin PBXSourcesBuildPhase section */
		CBAB40471ABE4B4700F5FC96 /* Sources */ = {
			isa = PBXSourcesBuildPhase;
			buildActionMask = 2147483647;
			files = (
				CBAB40791ABE4B7A00F5FC96 /* GameProperties.swift in Sources */,
				CBC1BAC81AC757440053910F /* DesignableTextView.swift in Sources */,
				CBC1BAD01AC757440053910F /* SoundPlayer.swift in Sources */,
				CBC1BAD21AC757440053910F /* SpringAnimation.swift in Sources */,
				CBAB40771ABE4B7A00F5FC96 /* Dealer.swift in Sources */,
				CBC1BAD81AC757440053910F /* SpringView.swift in Sources */,
				CBC1BACC1AC757440053910F /* KeyboardLayoutConstraint.swift in Sources */,
				CBC1BAD91AC757440053910F /* TransitionManager.swift in Sources */,
				CBAB40531ABE4B4700F5FC96 /* ViewController.swift in Sources */,
				CBAB40781ABE4B7A00F5FC96 /* Deck.swift in Sources */,
				CBC1BAC51AC757440053910F /* DesignableLabel.swift in Sources */,
				CBC1BAD41AC757440053910F /* SpringImageView.swift in Sources */,
				CBC1BAC41AC757440053910F /* DesignableImageView.swift in Sources */,
				CBC1BAC61AC757440053910F /* DesignableTabBarController.swift in Sources */,
				CBC1BAC71AC757440053910F /* DesignableTextField.swift in Sources */,
				CBC1BAC31AC757440053910F /* DesignableButton.swift in Sources */,
				CBC1BAD31AC757440053910F /* SpringButton.swift in Sources */,
				CBC1BAD51AC757440053910F /* SpringLabel.swift in Sources */,
				CBC1BADB1AC757440053910F /* UnwindSegue.swift in Sources */,
				CBAB407B1ABE4B7A00F5FC96 /* Player.swift in Sources */,
				CBAB407A1ABE4B7A00F5FC96 /* Hand.swift in Sources */,
				CBC1BACD1AC757440053910F /* LoadingView.swift in Sources */,
				CBC1BAD11AC757440053910F /* Spring.swift in Sources */,
				CBC1BAD61AC757440053910F /* SpringTextField.swift in Sources */,
				CBC1BAC21AC757440053910F /* BlurView.swift in Sources */,
				CBC1BACA1AC757440053910F /* ImageLoader.swift in Sources */,
				CBC1BAD71AC757440053910F /* SpringTextView.swift in Sources */,
				CBAB40511ABE4B4700F5FC96 /* AppDelegate.swift in Sources */,
				CBC1BACF1AC757440053910F /* Misc.swift in Sources */,
				CBAB40711ABE4B6600F5FC96 /* HandStatus.swift in Sources */,
				CBC1BAC91AC757440053910F /* DesignableView.swift in Sources */,
				CBC1BADA1AC757440053910F /* TransitionZoom.swift in Sources */,
				CBC1BAF61AC75AF20053910F /* ViewControllerHelper.swift in Sources */,
			);
			runOnlyForDeploymentPostprocessing = 0;
		};
		CBAB405C1ABE4B4700F5FC96 /* Sources */ = {
			isa = PBXSourcesBuildPhase;
			buildActionMask = 2147483647;
			files = (
				CBAB40671ABE4B4700F5FC96 /* BlackJack21Tests.swift in Sources */,
			);
			runOnlyForDeploymentPostprocessing = 0;
		};
/* End PBXSourcesBuildPhase section */

/* Begin PBXTargetDependency section */
		CBAB40621ABE4B4700F5FC96 /* PBXTargetDependency */ = {
			isa = PBXTargetDependency;
			target = CBAB404A1ABE4B4700F5FC96 /* BlackJack21 */;
			targetProxy = CBAB40611ABE4B4700F5FC96 /* PBXContainerItemProxy */;
		};
/* End PBXTargetDependency section */

/* Begin PBXVariantGroup section */
		CBAB40541ABE4B4700F5FC96 /* Main.storyboard */ = {
			isa = PBXVariantGroup;
			children = (
				CBAB40551ABE4B4700F5FC96 /* Base */,
			);
			name = Main.storyboard;
			sourceTree = "<group>";
		};
		CBAB40591ABE4B4700F5FC96 /* LaunchScreen.xib */ = {
			isa = PBXVariantGroup;
			children = (
				CBAB405A1ABE4B4700F5FC96 /* Base */,
			);
			name = LaunchScreen.xib;
			sourceTree = "<group>";
		};
/* End PBXVariantGroup section */

/* Begin XCBuildConfiguration section */
		CBAB40681ABE4B4700F5FC96 /* Debug */ = {
			isa = XCBuildConfiguration;
			buildSettings = {
				ALWAYS_SEARCH_USER_PATHS = NO;
				CLANG_CXX_LANGUAGE_STANDARD = "gnu++0x";
				CLANG_CXX_LIBRARY = "libc++";
				CLANG_ENABLE_MODULES = YES;
				CLANG_ENABLE_OBJC_ARC = YES;
				CLANG_WARN_BOOL_CONVERSION = YES;
				CLANG_WARN_CONSTANT_CONVERSION = YES;
				CLANG_WARN_DIRECT_OBJC_ISA_USAGE = YES_ERROR;
				CLANG_WARN_EMPTY_BODY = YES;
				CLANG_WARN_ENUM_CONVERSION = YES;
				CLANG_WARN_INT_CONVERSION = YES;
				CLANG_WARN_OBJC_ROOT_CLASS = YES_ERROR;
				CLANG_WARN_UNREACHABLE_CODE = YES;
				CLANG_WARN__DUPLICATE_METHOD_MATCH = YES;
				"CODE_SIGN_IDENTITY[sdk=iphoneos*]" = "iPhone Developer";
				COPY_PHASE_STRIP = NO;
				ENABLE_STRICT_OBJC_MSGSEND = YES;
				GCC_C_LANGUAGE_STANDARD = gnu99;
				GCC_DYNAMIC_NO_PIC = NO;
				GCC_OPTIMIZATION_LEVEL = 0;
				GCC_PREPROCESSOR_DEFINITIONS = (
					"DEBUG=1",
					"$(inherited)",
				);
				GCC_SYMBOLS_PRIVATE_EXTERN = NO;
				GCC_WARN_64_TO_32_BIT_CONVERSION = YES;
				GCC_WARN_ABOUT_RETURN_TYPE = YES_ERROR;
				GCC_WARN_UNDECLARED_SELECTOR = YES;
				GCC_WARN_UNINITIALIZED_AUTOS = YES_AGGRESSIVE;
				GCC_WARN_UNUSED_FUNCTION = YES;
				GCC_WARN_UNUSED_VARIABLE = YES;
				IPHONEOS_DEPLOYMENT_TARGET = 8.1;
				MTL_ENABLE_DEBUG_INFO = YES;
				ONLY_ACTIVE_ARCH = YES;
				SDKROOT = iphoneos;
				SWIFT_OPTIMIZATION_LEVEL = "-Onone";
				TARGETED_DEVICE_FAMILY = "1,2";
			};
			name = Debug;
		};
		CBAB40691ABE4B4700F5FC96 /* Release */ = {
			isa = XCBuildConfiguration;
			buildSettings = {
				ALWAYS_SEARCH_USER_PATHS = NO;
				CLANG_CXX_LANGUAGE_STANDARD = "gnu++0x";
				CLANG_CXX_LIBRARY = "libc++";
				CLANG_ENABLE_MODULES = YES;
				CLANG_ENABLE_OBJC_ARC = YES;
				CLANG_WARN_BOOL_CONVERSION = YES;
				CLANG_WARN_CONSTANT_CONVERSION = YES;
				CLANG_WARN_DIRECT_OBJC_ISA_USAGE = YES_ERROR;
				CLANG_WARN_EMPTY_BODY = YES;
				CLANG_WARN_ENUM_CONVERSION = YES;
				CLANG_WARN_INT_CONVERSION = YES;
				CLANG_WARN_OBJC_ROOT_CLASS = YES_ERROR;
				CLANG_WARN_UNREACHABLE_CODE = YES;
				CLANG_WARN__DUPLICATE_METHOD_MATCH = YES;
				"CODE_SIGN_IDENTITY[sdk=iphoneos*]" = "iPhone Developer";
				COPY_PHASE_STRIP = YES;
				ENABLE_NS_ASSERTIONS = NO;
				ENABLE_STRICT_OBJC_MSGSEND = YES;
				GCC_C_LANGUAGE_STANDARD = gnu99;
				GCC_WARN_64_TO_32_BIT_CONVERSION = YES;
				GCC_WARN_ABOUT_RETURN_TYPE = YES_ERROR;
				GCC_WARN_UNDECLARED_SELECTOR = YES;
				GCC_WARN_UNINITIALIZED_AUTOS = YES_AGGRESSIVE;
				GCC_WARN_UNUSED_FUNCTION = YES;
				GCC_WARN_UNUSED_VARIABLE = YES;
				IPHONEOS_DEPLOYMENT_TARGET = 8.1;
				MTL_ENABLE_DEBUG_INFO = NO;
				SDKROOT = iphoneos;
				TARGETED_DEVICE_FAMILY = "1,2";
				VALIDATE_PRODUCT = YES;
			};
			name = Release;
		};
		CBAB406B1ABE4B4700F5FC96 /* Debug */ = {
			isa = XCBuildConfiguration;
			buildSettings = {
				ASSETCATALOG_COMPILER_APPICON_NAME = AppIcon;
				CLANG_ENABLE_MODULES = YES;
				FRAMEWORK_SEARCH_PATHS = (
					"$(inherited)",
					"$(PROJECT_DIR)",
				);
				INFOPLIST_FILE = BlackJack21/Info.plist;
				LD_RUNPATH_SEARCH_PATHS = "$(inherited) @executable_path/Frameworks";
				OTHER_LDFLAGS = "-ObjC";
				PRODUCT_NAME = "$(TARGET_NAME)";
				SWIFT_OBJC_BRIDGING_HEADER = "BlackJack21-Bridging-Header.h";
				SWIFT_OPTIMIZATION_LEVEL = "-Onone";
			};
			name = Debug;
		};
		CBAB406C1ABE4B4700F5FC96 /* Release */ = {
			isa = XCBuildConfiguration;
			buildSettings = {
				ASSETCATALOG_COMPILER_APPICON_NAME = AppIcon;
				CLANG_ENABLE_MODULES = YES;
				FRAMEWORK_SEARCH_PATHS = (
					"$(inherited)",
					"$(PROJECT_DIR)",
				);
				INFOPLIST_FILE = BlackJack21/Info.plist;
				LD_RUNPATH_SEARCH_PATHS = "$(inherited) @executable_path/Frameworks";
				OTHER_LDFLAGS = "-ObjC";
				PRODUCT_NAME = "$(TARGET_NAME)";
				SWIFT_OBJC_BRIDGING_HEADER = "BlackJack21-Bridging-Header.h";
			};
			name = Release;
		};
		CBAB406E1ABE4B4700F5FC96 /* Debug */ = {
			isa = XCBuildConfiguration;
			buildSettings = {
				BUNDLE_LOADER = "$(TEST_HOST)";
				FRAMEWORK_SEARCH_PATHS = (
					"$(SDKROOT)/Developer/Library/Frameworks",
					"$(inherited)",
				);
				GCC_PREPROCESSOR_DEFINITIONS = (
					"DEBUG=1",
					"$(inherited)",
				);
				INFOPLIST_FILE = BlackJack21Tests/Info.plist;
				LD_RUNPATH_SEARCH_PATHS = "$(inherited) @executable_path/Frameworks @loader_path/Frameworks";
				PRODUCT_NAME = "$(TARGET_NAME)";
				TEST_HOST = "$(BUILT_PRODUCTS_DIR)/BlackJack21.app/BlackJack21";
			};
			name = Debug;
		};
		CBAB406F1ABE4B4700F5FC96 /* Release */ = {
			isa = XCBuildConfiguration;
			buildSettings = {
				BUNDLE_LOADER = "$(TEST_HOST)";
				FRAMEWORK_SEARCH_PATHS = (
					"$(SDKROOT)/Developer/Library/Frameworks",
					"$(inherited)",
				);
				INFOPLIST_FILE = BlackJack21Tests/Info.plist;
				LD_RUNPATH_SEARCH_PATHS = "$(inherited) @executable_path/Frameworks @loader_path/Frameworks";
				PRODUCT_NAME = "$(TARGET_NAME)";
				TEST_HOST = "$(BUILT_PRODUCTS_DIR)/BlackJack21.app/BlackJack21";
			};
			name = Release;
		};
/* End XCBuildConfiguration section */

/* Begin XCConfigurationList section */
		CBAB40461ABE4B4700F5FC96 /* Build configuration list for PBXProject "BlackJack21" */ = {
			isa = XCConfigurationList;
			buildConfigurations = (
				CBAB40681ABE4B4700F5FC96 /* Debug */,
				CBAB40691ABE4B4700F5FC96 /* Release */,
			);
			defaultConfigurationIsVisible = 0;
			defaultConfigurationName = Release;
		};
		CBAB406A1ABE4B4700F5FC96 /* Build configuration list for PBXNativeTarget "BlackJack21" */ = {
			isa = XCConfigurationList;
			buildConfigurations = (
				CBAB406B1ABE4B4700F5FC96 /* Debug */,
				CBAB406C1ABE4B4700F5FC96 /* Release */,
			);
			defaultConfigurationIsVisible = 0;
			defaultConfigurationName = Release;
		};
		CBAB406D1ABE4B4700F5FC96 /* Build configuration list for PBXNativeTarget "BlackJack21Tests" */ = {
			isa = XCConfigurationList;
			buildConfigurations = (
				CBAB406E1ABE4B4700F5FC96 /* Debug */,
				CBAB406F1ABE4B4700F5FC96 /* Release */,
			);
			defaultConfigurationIsVisible = 0;
			defaultConfigurationName = Release;
		};
/* End XCConfigurationList section */
	};
	rootObject = CBAB40431ABE4B4600F5FC96 /* Project object */;
}
